
Microsoft Visual Studio Solution File, Format Version 12.00
# Visual Studio 15
VisualStudioVersion = 15.0.28307.106
MinimumVisualStudioVersion = 10.0.40219.1
Project("{FAE04EC0-301F-11D3-BF4B-00C04F79EFBC}") = "RealEstate", "RealEstate\RealEstate.csproj", "{26042BE5-D59E-4782-9EFE-F87540A8BCAF}"
EndProject
Project("{FAE04EC0-301F-11D3-BF4B-00C04F79EFBC}") = "RealEstate.Test", "RealEstate.Test\RealEstate.Test.csproj", "{DEA153AD-6B1C-4C85-A1B6-19BC4531190B}"
EndProject
Global
	GlobalSection(SolutionConfigurationPlatforms) = preSolution
		Debug|Any CPU = Debug|Any CPU
		Release|Any CPU = Release|Any CPU
	EndGlobalSection
	GlobalSection(ProjectConfigurationPlatforms) = postSolution
		{26042BE5-D59E-4782-9EFE-F87540A8BCAF}.Debug|Any CPU.ActiveCfg = Debug|Any CPU
		{26042BE5-D59E-4782-9EFE-F87540A8BCAF}.Debug|Any CPU.Build.0 = Debug|Any CPU
		{26042BE5-D59E-4782-9EFE-F87540A8BCAF}.Release|Any CPU.ActiveCfg = Release|Any CPU
		{26042BE5-D59E-4782-9EFE-F87540A8BCAF}.Release|Any CPU.Build.0 = Release|Any CPU
		{DEA153AD-6B1C-4C85-A1B6-19BC4531190B}.Debug|Any CPU.ActiveCfg = Debug|Any CPU
		{DEA153AD-6B1C-4C85-A1B6-19BC4531190B}.Debug|Any CPU.Build.0 = Debug|Any CPU
		{DEA153AD-6B1C-4C85-A1B6-19BC4531190B}.Release|Any CPU.ActiveCfg = Release|Any CPU
		{DEA153AD-6B1C-4C85-A1B6-19BC4531190B}.Release|Any CPU.Build.0 = Release|Any CPU
	EndGlobalSection
	GlobalSection(SolutionProperties) = preSolution
		HideSolutionNode = FALSE
	EndGlobalSection
	GlobalSection(ExtensibilityGlobals) = postSolution
		SolutionGuid = {CAFAD14A-5B41-4D3E-B6E2-8B36193996B9}
	EndGlobalSection
EndGlobal
